{
  "pins" : [
    {
      "identity" : "swiftslash",
      "kind" : "remoteSourceControl",
      "location" : "https://github.com/tannerdsilva/SwiftSlash",
      "state" : {
        "revision" : "f2ad4e0b7c9ccd414987b6e8339bda02b5fb418e",
        "version" : "3.3.1"
      }
    }
  ],
  "version" : 2
}
